
Microsoft Visual Studio Solution File, Format Version 12.00
# Visual Studio Version 17
VisualStudioVersion = 17.11.35327.3
MinimumVisualStudioVersion = 10.0.40219.1
Project("{FAE04EC0-301F-11D3-BF4B-00C04F79EFBC}") = "UiRtc.TypeScriptGenerator", "UiRtc.TypeScriptGenerator\UiRtc.TypeScriptGenerator.csproj", "{B7A379F8-1EED-4E01-8B7B-089B71DAC497}"
EndProject
Project("{FAE04EC0-301F-11D3-BF4B-00C04F79EFBC}") = "UiRtc.Typing", "UiRtc.Typing\UiRtc.Typing.csproj", "{E2921D6D-958F-499A-B7CC-C8ADE07E328A}"
EndProject
Project("{FAE04EC0-301F-11D3-BF4B-00C04F79EFBC}") = "UiRtc", "UiRtc\UiRtc.csproj", "{1A4C66F0-AE35-41AA-9765-7C7F11FDF39E}"
EndProject
Project("{FAE04EC0-301F-11D3-BF4B-00C04F79EFBC}") = "UiRtc.UnitTests", "UiRtc.UnitTests\UiRtc.UnitTests.csproj", "{5766D022-BD63-49A1-B631-09B5F5AA9885}"
EndProject
Project("{FAE04EC0-301F-11D3-BF4B-00C04F79EFBC}") = "UiRtc.TypeScriptGenerator.UnitTests", "UiRtc.TypeScriptGenerator.UnitTests\UiRtc.TypeScriptGenerator.UnitTests.csproj", "{E5F97DBB-BC55-462B-86EC-0427EBBE9657}"
EndProject
Project("{2150E333-8FDC-42A3-9474-1A3956D46DE8}") = "IntegrationTest", "IntegrationTest", "{5FFFABD9-A5B2-44E3-890A-A34C1F68E4A6}"
EndProject
Project("{FAE04EC0-301F-11D3-BF4B-00C04F79EFBC}") = "BE01.IntegrationTest", "IntegrationTest\BE01.IntegrationTest\BE01.IntegrationTest.csproj", "{D4F7C5F7-E128-4567-8211-CC13DA819575}"
EndProject
Project("{2150E333-8FDC-42A3-9474-1A3956D46DE8}") = "Examples", "Examples", "{053BA145-FE9D-4E50-8B5D-AAF5E40747C4}"
EndProject
Project("{2150E333-8FDC-42A3-9474-1A3956D46DE8}") = "Simple", "Simple", "{BD5DF134-C508-40C3-B847-5EA0137A7855}"
EndProject
Project("{2150E333-8FDC-42A3-9474-1A3956D46DE8}") = "Chat", "Chat", "{B3A887A9-2B06-4A96-A208-45FC8CCD35BE}"
EndProject
Project("{FAE04EC0-301F-11D3-BF4B-00C04F79EFBC}") = "App-backend", "Examples\Simple\app-backend\App-backend.csproj", "{7D1853EA-75F4-4249-ABE6-5A603BA532FF}"
EndProject
Project("{FAE04EC0-301F-11D3-BF4B-00C04F79EFBC}") = "Chat", "Examples\Chat\Chat.csproj", "{E65F2BEE-C2BA-4503-8D1F-88DBBB5A44DC}"
EndProject
Global
	GlobalSection(SolutionConfigurationPlatforms) = preSolution
		Debug|Any CPU = Debug|Any CPU
		Release|Any CPU = Release|Any CPU
	EndGlobalSection
	GlobalSection(ProjectConfigurationPlatforms) = postSolution
		{B7A379F8-1EED-4E01-8B7B-089B71DAC497}.Debug|Any CPU.ActiveCfg = Debug|Any CPU
		{B7A379F8-1EED-4E01-8B7B-089B71DAC497}.Debug|Any CPU.Build.0 = Debug|Any CPU
		{B7A379F8-1EED-4E01-8B7B-089B71DAC497}.Release|Any CPU.ActiveCfg = Release|Any CPU
		{B7A379F8-1EED-4E01-8B7B-089B71DAC497}.Release|Any CPU.Build.0 = Release|Any CPU
		{E2921D6D-958F-499A-B7CC-C8ADE07E328A}.Debug|Any CPU.ActiveCfg = Debug|Any CPU
		{E2921D6D-958F-499A-B7CC-C8ADE07E328A}.Debug|Any CPU.Build.0 = Debug|Any CPU
		{E2921D6D-958F-499A-B7CC-C8ADE07E328A}.Release|Any CPU.ActiveCfg = Release|Any CPU
		{E2921D6D-958F-499A-B7CC-C8ADE07E328A}.Release|Any CPU.Build.0 = Release|Any CPU
		{1A4C66F0-AE35-41AA-9765-7C7F11FDF39E}.Debug|Any CPU.ActiveCfg = Debug|Any CPU
		{1A4C66F0-AE35-41AA-9765-7C7F11FDF39E}.Debug|Any CPU.Build.0 = Debug|Any CPU
		{1A4C66F0-AE35-41AA-9765-7C7F11FDF39E}.Release|Any CPU.ActiveCfg = Release|Any CPU
		{1A4C66F0-AE35-41AA-9765-7C7F11FDF39E}.Release|Any CPU.Build.0 = Release|Any CPU
		{5766D022-BD63-49A1-B631-09B5F5AA9885}.Debug|Any CPU.ActiveCfg = Debug|Any CPU
		{5766D022-BD63-49A1-B631-09B5F5AA9885}.Debug|Any CPU.Build.0 = Debug|Any CPU
		{5766D022-BD63-49A1-B631-09B5F5AA9885}.Release|Any CPU.ActiveCfg = Release|Any CPU
		{5766D022-BD63-49A1-B631-09B5F5AA9885}.Release|Any CPU.Build.0 = Release|Any CPU
		{E5F97DBB-BC55-462B-86EC-0427EBBE9657}.Debug|Any CPU.ActiveCfg = Debug|Any CPU
		{E5F97DBB-BC55-462B-86EC-0427EBBE9657}.Debug|Any CPU.Build.0 = Debug|Any CPU
		{E5F97DBB-BC55-462B-86EC-0427EBBE9657}.Release|Any CPU.ActiveCfg = Release|Any CPU
		{E5F97DBB-BC55-462B-86EC-0427EBBE9657}.Release|Any CPU.Build.0 = Release|Any CPU
		{D4F7C5F7-E128-4567-8211-CC13DA819575}.Debug|Any CPU.ActiveCfg = Debug|Any CPU
		{D4F7C5F7-E128-4567-8211-CC13DA819575}.Debug|Any CPU.Build.0 = Debug|Any CPU
		{D4F7C5F7-E128-4567-8211-CC13DA819575}.Release|Any CPU.ActiveCfg = Release|Any CPU
		{D4F7C5F7-E128-4567-8211-CC13DA819575}.Release|Any CPU.Build.0 = Release|Any CPU
		{7D1853EA-75F4-4249-ABE6-5A603BA532FF}.Debug|Any CPU.ActiveCfg = Debug|Any CPU
		{7D1853EA-75F4-4249-ABE6-5A603BA532FF}.Debug|Any CPU.Build.0 = Debug|Any CPU
		{7D1853EA-75F4-4249-ABE6-5A603BA532FF}.Release|Any CPU.ActiveCfg = Release|Any CPU
		{7D1853EA-75F4-4249-ABE6-5A603BA532FF}.Release|Any CPU.Build.0 = Release|Any CPU
		{E65F2BEE-C2BA-4503-8D1F-88DBBB5A44DC}.Debug|Any CPU.ActiveCfg = Debug|Any CPU
		{E65F2BEE-C2BA-4503-8D1F-88DBBB5A44DC}.Debug|Any CPU.Build.0 = Debug|Any CPU
		{E65F2BEE-C2BA-4503-8D1F-88DBBB5A44DC}.Release|Any CPU.ActiveCfg = Release|Any CPU
		{E65F2BEE-C2BA-4503-8D1F-88DBBB5A44DC}.Release|Any CPU.Build.0 = Release|Any CPU
	EndGlobalSection
	GlobalSection(SolutionProperties) = preSolution
		HideSolutionNode = FALSE
	EndGlobalSection
	GlobalSection(NestedProjects) = preSolution
		{D4F7C5F7-E128-4567-8211-CC13DA819575} = {5FFFABD9-A5B2-44E3-890A-A34C1F68E4A6}
		{BD5DF134-C508-40C3-B847-5EA0137A7855} = {053BA145-FE9D-4E50-8B5D-AAF5E40747C4}
		{B3A887A9-2B06-4A96-A208-45FC8CCD35BE} = {053BA145-FE9D-4E50-8B5D-AAF5E40747C4}
		{7D1853EA-75F4-4249-ABE6-5A603BA532FF} = {BD5DF134-C508-40C3-B847-5EA0137A7855}
		{E65F2BEE-C2BA-4503-8D1F-88DBBB5A44DC} = {B3A887A9-2B06-4A96-A208-45FC8CCD35BE}
	EndGlobalSection
	GlobalSection(ExtensibilityGlobals) = postSolution
		SolutionGuid = {58FE2E81-06A7-4D02-9CBA-E8CC331893D0}
	EndGlobalSection
EndGlobal
